
Microsoft Visual Studio Solution File, Format Version 12.00
Project("{FAE04EC0-301F-11D3-BF4B-00C04F79EFBC}") = "Day01", "Day01\Day01.csproj", "{CBA1C833-523B-4411-81F3-CA5807BBD560}"
EndProject
Project("{FAE04EC0-301F-11D3-BF4B-00C04F79EFBC}") = "Day02", "Day02\Day02.csproj", "{D26F0417-9AEB-41AE-86BC-E9B92717492F}"
EndProject
Project("{FAE04EC0-301F-11D3-BF4B-00C04F79EFBC}") = "Day03", "Day03\Day03.csproj", "{1ABD8956-B7CF-4DC2-AC2F-8C3E22B0861F}"
EndProject
Project("{FAE04EC0-301F-11D3-BF4B-00C04F79EFBC}") = "Day04", "Day04\Day04.csproj", "{7EF1AEBC-85F6-4E55-9193-AF3961028BE3}"
EndProject
Project("{FAE04EC0-301F-11D3-BF4B-00C04F79EFBC}") = "Day05", "Day05\Day05.csproj", "{79EBCAAA-D755-477F-B811-54935784D70D}"
EndProject
Project("{FAE04EC0-301F-11D3-BF4B-00C04F79EFBC}") = "Day06", "Day06\Day06.csproj", "{C4E14DF4-3B8C-47C3-B11F-927D38A90AB1}"
EndProject
Project("{FAE04EC0-301F-11D3-BF4B-00C04F79EFBC}") = "Day07", "Day07\Day07.csproj", "{1BC3C1A4-DBDE-4F0A-8394-AF4B71019C93}"
EndProject
Project("{FAE04EC0-301F-11D3-BF4B-00C04F79EFBC}") = "Day08", "Day08\Day08.csproj", "{462AB106-FE76-40E9-ACCA-F7F057BB0706}"
EndProject
Project("{FAE04EC0-301F-11D3-BF4B-00C04F79EFBC}") = "Day09", "Day09\Day09.csproj", "{C54D47FB-6491-4D7B-8FBE-0EA60CFE7EA3}"
EndProject
Project("{FAE04EC0-301F-11D3-BF4B-00C04F79EFBC}") = "Day10", "Day10\Day10.csproj", "{213E5B76-CCFC-469F-B3C2-48841E37F53C}"
EndProject
Global
	GlobalSection(SolutionConfigurationPlatforms) = preSolution
		Debug|Any CPU = Debug|Any CPU
		Release|Any CPU = Release|Any CPU
	EndGlobalSection
	GlobalSection(ProjectConfigurationPlatforms) = postSolution
		{CBA1C833-523B-4411-81F3-CA5807BBD560}.Debug|Any CPU.ActiveCfg = Debug|Any CPU
		{CBA1C833-523B-4411-81F3-CA5807BBD560}.Debug|Any CPU.Build.0 = Debug|Any CPU
		{CBA1C833-523B-4411-81F3-CA5807BBD560}.Release|Any CPU.ActiveCfg = Release|Any CPU
		{CBA1C833-523B-4411-81F3-CA5807BBD560}.Release|Any CPU.Build.0 = Release|Any CPU
		{D26F0417-9AEB-41AE-86BC-E9B92717492F}.Debug|Any CPU.ActiveCfg = Debug|Any CPU
		{D26F0417-9AEB-41AE-86BC-E9B92717492F}.Debug|Any CPU.Build.0 = Debug|Any CPU
		{D26F0417-9AEB-41AE-86BC-E9B92717492F}.Release|Any CPU.ActiveCfg = Release|Any CPU
		{D26F0417-9AEB-41AE-86BC-E9B92717492F}.Release|Any CPU.Build.0 = Release|Any CPU
		{1ABD8956-B7CF-4DC2-AC2F-8C3E22B0861F}.Debug|Any CPU.ActiveCfg = Debug|Any CPU
		{1ABD8956-B7CF-4DC2-AC2F-8C3E22B0861F}.Debug|Any CPU.Build.0 = Debug|Any CPU
		{1ABD8956-B7CF-4DC2-AC2F-8C3E22B0861F}.Release|Any CPU.ActiveCfg = Release|Any CPU
		{1ABD8956-B7CF-4DC2-AC2F-8C3E22B0861F}.Release|Any CPU.Build.0 = Release|Any CPU
		{7EF1AEBC-85F6-4E55-9193-AF3961028BE3}.Debug|Any CPU.ActiveCfg = Debug|Any CPU
		{7EF1AEBC-85F6-4E55-9193-AF3961028BE3}.Debug|Any CPU.Build.0 = Debug|Any CPU
		{7EF1AEBC-85F6-4E55-9193-AF3961028BE3}.Release|Any CPU.ActiveCfg = Release|Any CPU
		{7EF1AEBC-85F6-4E55-9193-AF3961028BE3}.Release|Any CPU.Build.0 = Release|Any CPU
		{79EBCAAA-D755-477F-B811-54935784D70D}.Debug|Any CPU.ActiveCfg = Debug|Any CPU
		{79EBCAAA-D755-477F-B811-54935784D70D}.Debug|Any CPU.Build.0 = Debug|Any CPU
		{79EBCAAA-D755-477F-B811-54935784D70D}.Release|Any CPU.ActiveCfg = Release|Any CPU
		{79EBCAAA-D755-477F-B811-54935784D70D}.Release|Any CPU.Build.0 = Release|Any CPU
		{C4E14DF4-3B8C-47C3-B11F-927D38A90AB1}.Debug|Any CPU.ActiveCfg = Debug|Any CPU
		{C4E14DF4-3B8C-47C3-B11F-927D38A90AB1}.Debug|Any CPU.Build.0 = Debug|Any CPU
		{C4E14DF4-3B8C-47C3-B11F-927D38A90AB1}.Release|Any CPU.ActiveCfg = Release|Any CPU
		{C4E14DF4-3B8C-47C3-B11F-927D38A90AB1}.Release|Any CPU.Build.0 = Release|Any CPU
		{1BC3C1A4-DBDE-4F0A-8394-AF4B71019C93}.Debug|Any CPU.ActiveCfg = Debug|Any CPU
		{1BC3C1A4-DBDE-4F0A-8394-AF4B71019C93}.Debug|Any CPU.Build.0 = Debug|Any CPU
		{1BC3C1A4-DBDE-4F0A-8394-AF4B71019C93}.Release|Any CPU.ActiveCfg = Release|Any CPU
		{1BC3C1A4-DBDE-4F0A-8394-AF4B71019C93}.Release|Any CPU.Build.0 = Release|Any CPU
		{462AB106-FE76-40E9-ACCA-F7F057BB0706}.Debug|Any CPU.ActiveCfg = Debug|Any CPU
		{462AB106-FE76-40E9-ACCA-F7F057BB0706}.Debug|Any CPU.Build.0 = Debug|Any CPU
		{462AB106-FE76-40E9-ACCA-F7F057BB0706}.Release|Any CPU.ActiveCfg = Release|Any CPU
		{462AB106-FE76-40E9-ACCA-F7F057BB0706}.Release|Any CPU.Build.0 = Release|Any CPU
		{C54D47FB-6491-4D7B-8FBE-0EA60CFE7EA3}.Debug|Any CPU.ActiveCfg = Debug|Any CPU
		{C54D47FB-6491-4D7B-8FBE-0EA60CFE7EA3}.Debug|Any CPU.Build.0 = Debug|Any CPU
		{C54D47FB-6491-4D7B-8FBE-0EA60CFE7EA3}.Release|Any CPU.ActiveCfg = Release|Any CPU
		{C54D47FB-6491-4D7B-8FBE-0EA60CFE7EA3}.Release|Any CPU.Build.0 = Release|Any CPU
		{213E5B76-CCFC-469F-B3C2-48841E37F53C}.Debug|Any CPU.ActiveCfg = Debug|Any CPU
		{213E5B76-CCFC-469F-B3C2-48841E37F53C}.Debug|Any CPU.Build.0 = Debug|Any CPU
		{213E5B76-CCFC-469F-B3C2-48841E37F53C}.Release|Any CPU.ActiveCfg = Release|Any CPU
		{213E5B76-CCFC-469F-B3C2-48841E37F53C}.Release|Any CPU.Build.0 = Release|Any CPU
	EndGlobalSection
EndGlobal
